
Microsoft Visual Studio Solution File, Format Version 12.00
# Visual Studio Version 17
VisualStudioVersion = 17.3.32929.385
MinimumVisualStudioVersion = 10.0.40219.1
Project("{FAE04EC0-301F-11D3-BF4B-00C04F79EFBC}") = "Cuoimon", "Cuoimon.csproj", "{A2D40667-DB6E-405D-8BF6-DF3EDB1EB593}"
EndProject
Global
	GlobalSection(SolutionConfigurationPlatforms) = preSolution
		Debug|Any CPU = Debug|Any CPU
		Release|Any CPU = Release|Any CPU
	EndGlobalSection
	GlobalSection(ProjectConfigurationPlatforms) = postSolution
		{A2D40667-DB6E-405D-8BF6-DF3EDB1EB593}.Debug|Any CPU.ActiveCfg = Debug|Any CPU
		{A2D40667-DB6E-405D-8BF6-DF3EDB1EB593}.Debug|Any CPU.Build.0 = Debug|Any CPU
		{A2D40667-DB6E-405D-8BF6-DF3EDB1EB593}.Release|Any CPU.ActiveCfg = Release|Any CPU
		{A2D40667-DB6E-405D-8BF6-DF3EDB1EB593}.Release|Any CPU.Build.0 = Release|Any CPU
	EndGlobalSection
	GlobalSection(SolutionProperties) = preSolution
		HideSolutionNode = FALSE
	EndGlobalSection
	GlobalSection(ExtensibilityGlobals) = postSolution
		SolutionGuid = {6BF78E37-2039-4FD6-811C-1110C63A5ED6}
	EndGlobalSection
EndGlobal
